// !$*UTF8*$!
{
	archiveVersion = 1;
	classes = {
	};
	objectVersion = 46;
	objects = {

/* Begin PBXBuildFile section */
		9A719F3C1950893F004AD871 /* CouchbaseLite.framework in Frameworks */ = {isa = PBXBuildFile; fileRef = 9A719F3B1950893F004AD871 /* CouchbaseLite.framework */; };
		9A73D43E1948A0900078FA05 /* AppDelegate.swift in Sources */ = {isa = PBXBuildFile; fileRef = 9A73D43D1948A0900078FA05 /* AppDelegate.swift */; };
		9A73D4401948A0900078FA05 /* ViewController.swift in Sources */ = {isa = PBXBuildFile; fileRef = 9A73D43F1948A0900078FA05 /* ViewController.swift */; };
		9A73D4431948A0900078FA05 /* Main.storyboard in Resources */ = {isa = PBXBuildFile; fileRef = 9A73D4411948A0900078FA05 /* Main.storyboard */; };
		9A73D4451948A0910078FA05 /* Images.xcassets in Resources */ = {isa = PBXBuildFile; fileRef = 9A73D4441948A0910078FA05 /* Images.xcassets */; };
		9A73D4511948A0910078FA05 /* EverythingForFishTests.swift in Sources */ = {isa = PBXBuildFile; fileRef = 9A73D4501948A0910078FA05 /* EverythingForFishTests.swift */; };
		9A73D45F194935C10078FA05 /* CFNetwork.framework in Frameworks */ = {isa = PBXBuildFile; fileRef = 9A73D45E194935C10078FA05 /* CFNetwork.framework */; };
		9A73D461194935ED0078FA05 /* SystemConfiguration.framework in Frameworks */ = {isa = PBXBuildFile; fileRef = 9A73D460194935ED0078FA05 /* SystemConfiguration.framework */; };
		9A73D463194936220078FA05 /* libsqlite3.dylib in Frameworks */ = {isa = PBXBuildFile; fileRef = 9A73D462194936220078FA05 /* libsqlite3.dylib */; };
		9A73D4671949365E0078FA05 /* libz.dylib in Frameworks */ = {isa = PBXBuildFile; fileRef = 9A73D4661949365E0078FA05 /* libz.dylib */; };
/* End PBXBuildFile section */

/* Begin PBXContainerItemProxy section */
		9A73D44B1948A0910078FA05 /* PBXContainerItemProxy */ = {
			isa = PBXContainerItemProxy;
			containerPortal = 9A73D4301948A0900078FA05 /* Project object */;
			proxyType = 1;
			remoteGlobalIDString = 9A73D4371948A0900078FA05;
			remoteInfo = EverythingForFish;
		};
/* End PBXContainerItemProxy section */

/* Begin PBXFileReference section */
		9A719F3B1950893F004AD871 /* CouchbaseLite.framework */ = {isa = PBXFileReference; lastKnownFileType = wrapper.framework; name = CouchbaseLite.framework; path = Vendors/CouchbaseLite.framework; sourceTree = "<group>"; };
		9A73D4381948A0900078FA05 /* EverythingForFish.app */ = {isa = PBXFileReference; explicitFileType = wrapper.application; includeInIndex = 0; path = EverythingForFish.app; sourceTree = BUILT_PRODUCTS_DIR; };
		9A73D43C1948A0900078FA05 /* Info.plist */ = {isa = PBXFileReference; lastKnownFileType = text.plist.xml; path = Info.plist; sourceTree = "<group>"; };
		9A73D43D1948A0900078FA05 /* AppDelegate.swift */ = {isa = PBXFileReference; lastKnownFileType = sourcecode.swift; path = AppDelegate.swift; sourceTree = "<group>"; };
		9A73D43F1948A0900078FA05 /* ViewController.swift */ = {isa = PBXFileReference; lastKnownFileType = sourcecode.swift; path = ViewController.swift; sourceTree = "<group>"; };
		9A73D4421948A0900078FA05 /* Base */ = {isa = PBXFileReference; lastKnownFileType = file.storyboard; name = Base; path = Base.lproj/Main.storyboard; sourceTree = "<group>"; };
		9A73D4441948A0910078FA05 /* Images.xcassets */ = {isa = PBXFileReference; lastKnownFileType = folder.assetcatalog; path = Images.xcassets; sourceTree = "<group>"; };
		9A73D44A1948A0910078FA05 /* EverythingForFishTests.xctest */ = {isa = PBXFileReference; explicitFileType = wrapper.cfbundle; includeInIndex = 0; path = EverythingForFishTests.xctest; sourceTree = BUILT_PRODUCTS_DIR; };
		9A73D44F1948A0910078FA05 /* Info.plist */ = {isa = PBXFileReference; lastKnownFileType = text.plist.xml; path = Info.plist; sourceTree = "<group>"; };
		9A73D4501948A0910078FA05 /* EverythingForFishTests.swift */ = {isa = PBXFileReference; lastKnownFileType = sourcecode.swift; path = EverythingForFishTests.swift; sourceTree = "<group>"; };
		9A73D45E194935C10078FA05 /* CFNetwork.framework */ = {isa = PBXFileReference; lastKnownFileType = wrapper.framework; name = CFNetwork.framework; path = System/Library/Frameworks/CFNetwork.framework; sourceTree = SDKROOT; };
		9A73D460194935ED0078FA05 /* SystemConfiguration.framework */ = {isa = PBXFileReference; lastKnownFileType = wrapper.framework; name = SystemConfiguration.framework; path = System/Library/Frameworks/SystemConfiguration.framework; sourceTree = SDKROOT; };
		9A73D462194936220078FA05 /* libsqlite3.dylib */ = {isa = PBXFileReference; lastKnownFileType = "compiled.mach-o.dylib"; name = libsqlite3.dylib; path = usr/lib/libsqlite3.dylib; sourceTree = SDKROOT; };
		9A73D464194936490078FA05 /* libicucore.dylib */ = {isa = PBXFileReference; lastKnownFileType = "compiled.mach-o.dylib"; name = libicucore.dylib; path = usr/lib/libicucore.dylib; sourceTree = SDKROOT; };
		9A73D4661949365E0078FA05 /* libz.dylib */ = {isa = PBXFileReference; lastKnownFileType = "compiled.mach-o.dylib"; name = libz.dylib; path = usr/lib/libz.dylib; sourceTree = SDKROOT; };
/* End PBXFileReference section */

/* Begin PBXFrameworksBuildPhase section */
		9A73D4351948A0900078FA05 /* Frameworks */ = {
			isa = PBXFrameworksBuildPhase;
			buildActionMask = 2147483647;
			files = (
				9A719F3C1950893F004AD871 /* CouchbaseLite.framework in Frameworks */,
				9A73D4671949365E0078FA05 /* libz.dylib in Frameworks */,
				9A73D463194936220078FA05 /* libsqlite3.dylib in Frameworks */,
				9A73D461194935ED0078FA05 /* SystemConfiguration.framework in Frameworks */,
				9A73D45F194935C10078FA05 /* CFNetwork.framework in Frameworks */,
			);
			runOnlyForDeploymentPostprocessing = 0;
		};
		9A73D4471948A0910078FA05 /* Frameworks */ = {
			isa = PBXFrameworksBuildPhase;
			buildActionMask = 2147483647;
			files = (
			);
			runOnlyForDeploymentPostprocessing = 0;
		};
/* End PBXFrameworksBuildPhase section */

/* Begin PBXGroup section */
		9A73D42F1948A0900078FA05 = {
			isa = PBXGroup;
			children = (
				9A73D43A1948A0900078FA05 /* EverythingForFish */,
				9A73D44D1948A0910078FA05 /* EverythingForFishTests */,
				9A73D464194936490078FA05 /* libicucore.dylib */,
				9A73D462194936220078FA05 /* libsqlite3.dylib */,
				9A73D4661949365E0078FA05 /* libz.dylib */,
				9A73D4391948A0900078FA05 /* Products */,
				9A73D45E194935C10078FA05 /* CFNetwork.framework */,
				9A73D460194935ED0078FA05 /* SystemConfiguration.framework */,
			);
			sourceTree = "<group>";
		};
		9A73D4391948A0900078FA05 /* Products */ = {
			isa = PBXGroup;
			children = (
				9A73D4381948A0900078FA05 /* EverythingForFish.app */,
				9A73D44A1948A0910078FA05 /* EverythingForFishTests.xctest */,
			);
			name = Products;
			sourceTree = "<group>";
		};
		9A73D43A1948A0900078FA05 /* EverythingForFish */ = {
			isa = PBXGroup;
			children = (
				9A73D45C1948B2150078FA05 /* Vendors */,
				9A73D43D1948A0900078FA05 /* AppDelegate.swift */,
				9A73D43F1948A0900078FA05 /* ViewController.swift */,
				9A73D4411948A0900078FA05 /* Main.storyboard */,
				9A73D4441948A0910078FA05 /* Images.xcassets */,
				9A73D43B1948A0900078FA05 /* Supporting Files */,
			);
			path = EverythingForFish;
			sourceTree = "<group>";
		};
		9A73D43B1948A0900078FA05 /* Supporting Files */ = {
			isa = PBXGroup;
			children = (
				9A73D43C1948A0900078FA05 /* Info.plist */,
			);
			name = "Supporting Files";
			sourceTree = "<group>";
		};
		9A73D44D1948A0910078FA05 /* EverythingForFishTests */ = {
			isa = PBXGroup;
			children = (
				9A73D4501948A0910078FA05 /* EverythingForFishTests.swift */,
				9A73D44E1948A0910078FA05 /* Supporting Files */,
			);
			path = EverythingForFishTests;
			sourceTree = "<group>";
		};
		9A73D44E1948A0910078FA05 /* Supporting Files */ = {
			isa = PBXGroup;
			children = (
				9A73D44F1948A0910078FA05 /* Info.plist */,
			);
			name = "Supporting Files";
			sourceTree = "<group>";
		};
		9A73D45C1948B2150078FA05 /* Vendors */ = {
			isa = PBXGroup;
			children = (
				9A719F3B1950893F004AD871 /* CouchbaseLite.framework */,
			);
			name = Vendors;
			sourceTree = "<group>";
		};
/* End PBXGroup section */

/* Begin PBXNativeTarget section */
		9A73D4371948A0900078FA05 /* EverythingForFish */ = {
			isa = PBXNativeTarget;
			buildConfigurationList = 9A73D4541948A0910078FA05 /* Build configuration list for PBXNativeTarget "EverythingForFish" */;
			buildPhases = (
				9A73D4341948A0900078FA05 /* Sources */,
				9A73D4351948A0900078FA05 /* Frameworks */,
				9A73D4361948A0900078FA05 /* Resources */,
			);
			buildRules = (
			);
			dependencies = (
			);
			name = EverythingForFish;
			productName = EverythingForFish;
			productReference = 9A73D4381948A0900078FA05 /* EverythingForFish.app */;
			productType = "com.apple.product-type.application";
		};
		9A73D4491948A0910078FA05 /* EverythingForFishTests */ = {
			isa = PBXNativeTarget;
			buildConfigurationList = 9A73D4571948A0910078FA05 /* Build configuration list for PBXNativeTarget "EverythingForFishTests" */;
			buildPhases = (
				9A73D4461948A0910078FA05 /* Sources */,
				9A73D4471948A0910078FA05 /* Frameworks */,
				9A73D4481948A0910078FA05 /* Resources */,
			);
			buildRules = (
			);
			dependencies = (
				9A73D44C1948A0910078FA05 /* PBXTargetDependency */,
			);
			name = EverythingForFishTests;
			productName = EverythingForFishTests;
			productReference = 9A73D44A1948A0910078FA05 /* EverythingForFishTests.xctest */;
			productType = "com.apple.product-type.bundle.unit-test";
		};
/* End PBXNativeTarget section */

/* Begin PBXProject section */
		9A73D4301948A0900078FA05 /* Project object */ = {
			isa = PBXProject;
			attributes = {
				LastUpgradeCheck = 0600;
				ORGANIZATIONNAME = "yhl10000@gmail.com";
				TargetAttributes = {
					9A73D4371948A0900078FA05 = {
						CreatedOnToolsVersion = 6.0;
						DevelopmentTeam = C45H2594HA;
					};
					9A73D4491948A0910078FA05 = {
						CreatedOnToolsVersion = 6.0;
						TestTargetID = 9A73D4371948A0900078FA05;
					};
				};
			};
			buildConfigurationList = 9A73D4331948A0900078FA05 /* Build configuration list for PBXProject "EverythingForFish" */;
			compatibilityVersion = "Xcode 3.2";
			developmentRegion = English;
			hasScannedForEncodings = 0;
			knownRegions = (
				en,
				Base,
			);
			mainGroup = 9A73D42F1948A0900078FA05;
			productRefGroup = 9A73D4391948A0900078FA05 /* Products */;
			projectDirPath = "";
			projectRoot = "";
			targets = (
				9A73D4371948A0900078FA05 /* EverythingForFish */,
				9A73D4491948A0910078FA05 /* EverythingForFishTests */,
			);
		};
/* End PBXProject section */

/* Begin PBXResourcesBuildPhase section */
		9A73D4361948A0900078FA05 /* Resources */ = {
			isa = PBXResourcesBuildPhase;
			buildActionMask = 2147483647;
			files = (
				9A73D4431948A0900078FA05 /* Main.storyboard in Resources */,
				9A73D4451948A0910078FA05 /* Images.xcassets in Resources */,
			);
			runOnlyForDeploymentPostprocessing = 0;
		};
		9A73D4481948A0910078FA05 /* Resources */ = {
			isa = PBXResourcesBuildPhase;
			buildActionMask = 2147483647;
			files = (
			);
			runOnlyForDeploymentPostprocessing = 0;
		};
/* End PBXResourcesBuildPhase section */

/* Begin PBXSourcesBuildPhase section */
		9A73D4341948A0900078FA05 /* Sources */ = {
			isa = PBXSourcesBuildPhase;
			buildActionMask = 2147483647;
			files = (
				9A73D4401948A0900078FA05 /* ViewController.swift in Sources */,
				9A73D43E1948A0900078FA05 /* AppDelegate.swift in Sources */,
			);
			runOnlyForDeploymentPostprocessing = 0;
		};
		9A73D4461948A0910078FA05 /* Sources */ = {
			isa = PBXSourcesBuildPhase;
			buildActionMask = 2147483647;
			files = (
				9A73D4511948A0910078FA05 /* EverythingForFishTests.swift in Sources */,
			);
			runOnlyForDeploymentPostprocessing = 0;
		};
/* End PBXSourcesBuildPhase section */

/* Begin PBXTargetDependency section */
		9A73D44C1948A0910078FA05 /* PBXTargetDependency */ = {
			isa = PBXTargetDependency;
			target = 9A73D4371948A0900078FA05 /* EverythingForFish */;
			targetProxy = 9A73D44B1948A0910078FA05 /* PBXContainerItemProxy */;
		};
/* End PBXTargetDependency section */

/* Begin PBXVariantGroup section */
		9A73D4411948A0900078FA05 /* Main.storyboard */ = {
			isa = PBXVariantGroup;
			children = (
				9A73D4421948A0900078FA05 /* Base */,
			);
			name = Main.storyboard;
			sourceTree = "<group>";
		};
/* End PBXVariantGroup section */

/* Begin XCBuildConfiguration section */
		9A73D4521948A0910078FA05 /* Debug */ = {
			isa = XCBuildConfiguration;
			buildSettings = {
				ALWAYS_SEARCH_USER_PATHS = NO;
				CLANG_CXX_LANGUAGE_STANDARD = "gnu++0x";
				CLANG_CXX_LIBRARY = "libc++";
				CLANG_ENABLE_MODULES = YES;
				CLANG_ENABLE_OBJC_ARC = YES;
				CLANG_WARN_BOOL_CONVERSION = YES;
				CLANG_WARN_CONSTANT_CONVERSION = YES;
				CLANG_WARN_DIRECT_OBJC_ISA_USAGE = YES_ERROR;
				CLANG_WARN_EMPTY_BODY = YES;
				CLANG_WARN_ENUM_CONVERSION = YES;
				CLANG_WARN_INT_CONVERSION = YES;
				CLANG_WARN_OBJC_ROOT_CLASS = YES_ERROR;
				CLANG_WARN_UNREACHABLE_CODE = YES;
				CLANG_WARN__DUPLICATE_METHOD_MATCH = YES;
				"CODE_SIGN_IDENTITY[sdk=iphoneos*]" = "iPhone Developer";
				COPY_PHASE_STRIP = NO;
				ENABLE_STRICT_OBJC_MSGSEND = YES;
				GCC_C_LANGUAGE_STANDARD = gnu99;
				GCC_DYNAMIC_NO_PIC = NO;
				GCC_OPTIMIZATION_LEVEL = 0;
				GCC_PREPROCESSOR_DEFINITIONS = (
					"DEBUG=1",
					"$(inherited)",
				);
				GCC_SYMBOLS_PRIVATE_EXTERN = NO;
				GCC_WARN_64_TO_32_BIT_CONVERSION = YES;
				GCC_WARN_ABOUT_RETURN_TYPE = YES_ERROR;
				GCC_WARN_UNDECLARED_SELECTOR = YES;
				GCC_WARN_UNINITIALIZED_AUTOS = YES_AGGRESSIVE;
				GCC_WARN_UNUSED_FUNCTION = YES;
				GCC_WARN_UNUSED_VARIABLE = YES;
				IPHONEOS_DEPLOYMENT_TARGET = 8.0;
				METAL_ENABLE_DEBUG_INFO = YES;
				ONLY_ACTIVE_ARCH = YES;
				SDKROOT = iphoneos;
				SWIFT_OPTIMIZATION_LEVEL = "-Onone";
			};
			name = Debug;
		};
		9A73D4531948A0910078FA05 /* Release */ = {
			isa = XCBuildConfiguration;
			buildSettings = {
				ALWAYS_SEARCH_USER_PATHS = NO;
				CLANG_CXX_LANGUAGE_STANDARD = "gnu++0x";
				CLANG_CXX_LIBRARY = "libc++";
				CLANG_ENABLE_MODULES = YES;
				CLANG_ENABLE_OBJC_ARC = YES;
				CLANG_WARN_BOOL_CONVERSION = YES;
				CLANG_WARN_CONSTANT_CONVERSION = YES;
				CLANG_WARN_DIRECT_OBJC_ISA_USAGE = YES_ERROR;
				CLANG_WARN_EMPTY_BODY = YES;
				CLANG_WARN_ENUM_CONVERSION = YES;
				CLANG_WARN_INT_CONVERSION = YES;
				CLANG_WARN_OBJC_ROOT_CLASS = YES_ERROR;
				CLANG_WARN_UNREACHABLE_CODE = YES;
				CLANG_WARN__DUPLICATE_METHOD_MATCH = YES;
				"CODE_SIGN_IDENTITY[sdk=iphoneos*]" = "iPhone Developer";
				COPY_PHASE_STRIP = YES;
				ENABLE_NS_ASSERTIONS = NO;
				ENABLE_STRICT_OBJC_MSGSEND = YES;
				GCC_C_LANGUAGE_STANDARD = gnu99;
				GCC_WARN_64_TO_32_BIT_CONVERSION = YES;
				GCC_WARN_ABOUT_RETURN_TYPE = YES_ERROR;
				GCC_WARN_UNDECLARED_SELECTOR = YES;
				GCC_WARN_UNINITIALIZED_AUTOS = YES_AGGRESSIVE;
				GCC_WARN_UNUSED_FUNCTION = YES;
				GCC_WARN_UNUSED_VARIABLE = YES;
				IPHONEOS_DEPLOYMENT_TARGET = 8.0;
				METAL_ENABLE_DEBUG_INFO = NO;
				SDKROOT = iphoneos;
				VALIDATE_PRODUCT = YES;
			};
			name = Release;
		};
		9A73D4551948A0910078FA05 /* Debug */ = {
			isa = XCBuildConfiguration;
			buildSettings = {
				ASSETCATALOG_COMPILER_APPICON_NAME = AppIcon;
				ASSETCATALOG_COMPILER_LAUNCHIMAGE_NAME = LaunchImage;
				CODE_SIGN_IDENTITY = "iPhone Developer";
				DEFINES_MODULE = YES;
				FRAMEWORK_SEARCH_PATHS = (
					"$(inherited)",
					"$(PROJECT_DIR)/EverythingForFish/Vendors",
				);
				INFOPLIST_FILE = EverythingForFish/Info.plist;
				LD_RUNPATH_SEARCH_PATHS = "$(inherited) @executable_path/Frameworks";
				OTHER_LDFLAGS = "-ObjC";
				PRODUCT_NAME = "$(TARGET_NAME)";
			};
			name = Debug;
		};
		9A73D4561948A0910078FA05 /* Release */ = {
			isa = XCBuildConfiguration;
			buildSettings = {
				ASSETCATALOG_COMPILER_APPICON_NAME = AppIcon;
				ASSETCATALOG_COMPILER_LAUNCHIMAGE_NAME = LaunchImage;
				CODE_SIGN_IDENTITY = "iPhone Developer";
				DEFINES_MODULE = YES;
				FRAMEWORK_SEARCH_PATHS = (
					"$(inherited)",
					"$(PROJECT_DIR)/EverythingForFish/Vendors",
				);
				INFOPLIST_FILE = EverythingForFish/Info.plist;
				LD_RUNPATH_SEARCH_PATHS = "$(inherited) @executable_path/Frameworks";
				OTHER_LDFLAGS = "-ObjC";
				PRODUCT_NAME = "$(TARGET_NAME)";
			};
			name = Release;
		};
		9A73D4581948A0910078FA05 /* Debug */ = {
			isa = XCBuildConfiguration;
			buildSettings = {
				BUNDLE_LOADER = "$(BUILT_PRODUCTS_DIR)/EverythingForFish.app/EverythingForFish";
				FRAMEWORK_SEARCH_PATHS = (
					"$(SDKROOT)/Developer/Library/Frameworks",
					"$(inherited)",
				);
				GCC_PREPROCESSOR_DEFINITIONS = (
					"DEBUG=1",
					"$(inherited)",
				);
				INFOPLIST_FILE = EverythingForFishTests/Info.plist;
				LD_RUNPATH_SEARCH_PATHS = "$(inherited) @executable_path/Frameworks @loader_path/Frameworks";
				METAL_ENABLE_DEBUG_INFO = YES;
				PRODUCT_NAME = "$(TARGET_NAME)";
				TEST_HOST = "$(BUNDLE_LOADER)";
			};
			name = Debug;
		};
		9A73D4591948A0910078FA05 /* Release */ = {
			isa = XCBuildConfiguration;
			buildSettings = {
				BUNDLE_LOADER = "$(BUILT_PRODUCTS_DIR)/EverythingForFish.app/EverythingForFish";
				FRAMEWORK_SEARCH_PATHS = (
					"$(SDKROOT)/Developer/Library/Frameworks",
					"$(inherited)",
				);
				INFOPLIST_FILE = EverythingForFishTests/Info.plist;
				LD_RUNPATH_SEARCH_PATHS = "$(inherited) @executable_path/Frameworks @loader_path/Frameworks";
				METAL_ENABLE_DEBUG_INFO = NO;
				PRODUCT_NAME = "$(TARGET_NAME)";
				TEST_HOST = "$(BUNDLE_LOADER)";
			};
			name = Release;
		};
/* End XCBuildConfiguration section */

/* Begin XCConfigurationList section */
		9A73D4331948A0900078FA05 /* Build configuration list for PBXProject "EverythingForFish" */ = {
			isa = XCConfigurationList;
			buildConfigurations = (
				9A73D4521948A0910078FA05 /* Debug */,
				9A73D4531948A0910078FA05 /* Release */,
			);
			defaultConfigurationIsVisible = 0;
			defaultConfigurationName = Release;
		};
		9A73D4541948A0910078FA05 /* Build configuration list for PBXNativeTarget "EverythingForFish" */ = {
			isa = XCConfigurationList;
			buildConfigurations = (
				9A73D4551948A0910078FA05 /* Debug */,
				9A73D4561948A0910078FA05 /* Release */,
			);
			defaultConfigurationIsVisible = 0;
			defaultConfigurationName = Release;
		};
		9A73D4571948A0910078FA05 /* Build configuration list for PBXNativeTarget "EverythingForFishTests" */ = {
			isa = XCConfigurationList;
			buildConfigurations = (
				9A73D4581948A0910078FA05 /* Debug */,
				9A73D4591948A0910078FA05 /* Release */,
			);
			defaultConfigurationIsVisible = 0;
			defaultConfigurationName = Release;
		};
/* End XCConfigurationList section */
	};
	rootObject = 9A73D4301948A0900078FA05 /* Project object */;
}
